
Microsoft Visual Studio Solution File, Format Version 12.00
# Visual Studio Version 16
VisualStudioVersion = 16.0.808.3
MinimumVisualStudioVersion = 10.0.40219.1
Project("{FAE04EC0-301F-11D3-BF4B-00C04F79EFBC}") = "LoopsAndArrays", "LoopsAndArrays\LoopsAndArrays.csproj", "{BFEC4BE0-16D6-4994-AF35-F0782F7DFC8E}"
EndProject
Global
	GlobalSection(SolutionConfigurationPlatforms) = preSolution
		Debug|Any CPU = Debug|Any CPU
		Release|Any CPU = Release|Any CPU
	EndGlobalSection
	GlobalSection(ProjectConfigurationPlatforms) = postSolution
		{BFEC4BE0-16D6-4994-AF35-F0782F7DFC8E}.Debug|Any CPU.ActiveCfg = Debug|Any CPU
		{BFEC4BE0-16D6-4994-AF35-F0782F7DFC8E}.Debug|Any CPU.Build.0 = Debug|Any CPU
		{BFEC4BE0-16D6-4994-AF35-F0782F7DFC8E}.Release|Any CPU.ActiveCfg = Release|Any CPU
		{BFEC4BE0-16D6-4994-AF35-F0782F7DFC8E}.Release|Any CPU.Build.0 = Release|Any CPU
	EndGlobalSection
	GlobalSection(SolutionProperties) = preSolution
		HideSolutionNode = FALSE
	EndGlobalSection
	GlobalSection(ExtensibilityGlobals) = postSolution
		SolutionGuid = {7E9028AA-A07C-4CFA-84EB-457AEA225EF6}
	EndGlobalSection
EndGlobal
